// !$*UTF8*$!
{
	archiveVersion = 1;
	classes = {
	};
	objectVersion = 46;
	objects = {

/* Begin PBXBuildFile section */
		77FD2A3A1AAA2FA200ECA4C7 /* main.cpp in Sources */ = {isa = PBXBuildFile; fileRef = 77FD2A391AAA2FA200ECA4C7 /* main.cpp */; };
/* End PBXBuildFile section */

/* Begin PBXCopyFilesBuildPhase section */
		77FD2A341AAA2FA200ECA4C7 /* CopyFiles */ = {
			isa = PBXCopyFilesBuildPhase;
			buildActionMask = 2147483647;
			dstPath = /usr/share/man/man1/;
			dstSubfolderSpec = 0;
			files = (
			);
			runOnlyForDeploymentPostprocessing = 1;
		};
/* End PBXCopyFilesBuildPhase section */

/* Begin PBXFileReference section */
		77FD2A361AAA2FA200ECA4C7 /* lab2a */ = {isa = PBXFileReference; explicitFileType = "compiled.mach-o.executable"; includeInIndex = 0; path = lab2a; sourceTree = BUILT_PRODUCTS_DIR; };
		77FD2A391AAA2FA200ECA4C7 /* main.cpp */ = {isa = PBXFileReference; lastKnownFileType = sourcecode.cpp.cpp; path = main.cpp; sourceTree = "<group>"; };
/* End PBXFileReference section */

/* Begin PBXFrameworksBuildPhase section */
		77FD2A331AAA2FA200ECA4C7 /* Frameworks */ = {
			isa = PBXFrameworksBuildPhase;
			buildActionMask = 2147483647;
			files = (
			);
			runOnlyForDeploymentPostprocessing = 0;
		};
/* End PBXFrameworksBuildPhase section */

/* Begin PBXGroup section */
		77FD2A2D1AAA2FA200ECA4C7 = {
			isa = PBXGroup;
			children = (
				77FD2A381AAA2FA200ECA4C7 /* lab2a */,
				77FD2A371AAA2FA200ECA4C7 /* Products */,
			);
			sourceTree = "<group>";
		};
		77FD2A371AAA2FA200ECA4C7 /* Products */ = {
			isa = PBXGroup;
			children = (
				77FD2A361AAA2FA200ECA4C7 /* lab2a */,
			);
			name = Products;
			sourceTree = "<group>";
		};
		77FD2A381AAA2FA200ECA4C7 /* lab2a */ = {
			isa = PBXGroup;
			children = (
				77FD2A391AAA2FA200ECA4C7 /* main.cpp */,
			);
			path = lab2a;
			sourceTree = "<group>";
		};
/* End PBXGroup section */

/* Begin PBXNativeTarget section */
		77FD2A351AAA2FA200ECA4C7 /* lab2a */ = {
			isa = PBXNativeTarget;
			buildConfigurationList = 77FD2A3D1AAA2FA200ECA4C7 /* Build configuration list for PBXNativeTarget "lab2a" */;
			buildPhases = (
				77FD2A321AAA2FA200ECA4C7 /* Sources */,
				77FD2A331AAA2FA200ECA4C7 /* Frameworks */,
				77FD2A341AAA2FA200ECA4C7 /* CopyFiles */,
			);
			buildRules = (
			);
			dependencies = (
			);
			name = lab2a;
			productName = lab2a;
			productReference = 77FD2A361AAA2FA200ECA4C7 /* lab2a */;
			productType = "com.apple.product-type.tool";
		};
/* End PBXNativeTarget section */

/* Begin PBXProject section */
		77FD2A2E1AAA2FA200ECA4C7 /* Project object */ = {
			isa = PBXProject;
			attributes = {
				LastUpgradeCheck = 0610;
				ORGANIZATIONNAME = olety;
				TargetAttributes = {
					77FD2A351AAA2FA200ECA4C7 = {
						CreatedOnToolsVersion = 6.1.1;
					};
				};
			};
			buildConfigurationList = 77FD2A311AAA2FA200ECA4C7 /* Build configuration list for PBXProject "lab2a" */;
			compatibilityVersion = "Xcode 3.2";
			developmentRegion = English;
			hasScannedForEncodings = 0;
			knownRegions = (
				en,
			);
			mainGroup = 77FD2A2D1AAA2FA200ECA4C7;
			productRefGroup = 77FD2A371AAA2FA200ECA4C7 /* Products */;
			projectDirPath = "";
			projectRoot = "";
			targets = (
				77FD2A351AAA2FA200ECA4C7 /* lab2a */,
			);
		};
/* End PBXProject section */

/* Begin PBXSourcesBuildPhase section */
		77FD2A321AAA2FA200ECA4C7 /* Sources */ = {
			isa = PBXSourcesBuildPhase;
			buildActionMask = 2147483647;
			files = (
				77FD2A3A1AAA2FA200ECA4C7 /* main.cpp in Sources */,
			);
			runOnlyForDeploymentPostprocessing = 0;
		};
/* End PBXSourcesBuildPhase section */

/* Begin XCBuildConfiguration section */
		77FD2A3B1AAA2FA200ECA4C7 /* Debug */ = {
			isa = XCBuildConfiguration;
			buildSettings = {
				ALWAYS_SEARCH_USER_PATHS = NO;
				CLANG_CXX_LANGUAGE_STANDARD = "gnu++0x";
				CLANG_CXX_LIBRARY = "libc++";
				CLANG_ENABLE_MODULES = YES;
				CLANG_ENABLE_OBJC_ARC = YES;
				CLANG_WARN_BOOL_CONVERSION = YES;
				CLANG_WARN_CONSTANT_CONVERSION = YES;
				CLANG_WARN_DIRECT_OBJC_ISA_USAGE = YES_ERROR;
				CLANG_WARN_EMPTY_BODY = YES;
				CLANG_WARN_ENUM_CONVERSION = YES;
				CLANG_WARN_INT_CONVERSION = YES;
				CLANG_WARN_OBJC_ROOT_CLASS = YES_ERROR;
				CLANG_WARN_UNREACHABLE_CODE = YES;
				CLANG_WARN__DUPLICATE_METHOD_MATCH = YES;
				COPY_PHASE_STRIP = NO;
				ENABLE_STRICT_OBJC_MSGSEND = YES;
				GCC_C_LANGUAGE_STANDARD = gnu99;
				GCC_DYNAMIC_NO_PIC = NO;
				GCC_OPTIMIZATION_LEVEL = 0;
				GCC_PREPROCESSOR_DEFINITIONS = (
					"DEBUG=1",
					"$(inherited)",
				);
				GCC_SYMBOLS_PRIVATE_EXTERN = NO;
				GCC_WARN_64_TO_32_BIT_CONVERSION = YES;
				GCC_WARN_ABOUT_RETURN_TYPE = YES_ERROR;
				GCC_WARN_UNDECLARED_SELECTOR = YES;
				GCC_WARN_UNINITIALIZED_AUTOS = YES_AGGRESSIVE;
				GCC_WARN_UNUSED_FUNCTION = YES;
				GCC_WARN_UNUSED_VARIABLE = YES;
				MACOSX_DEPLOYMENT_TARGET = 10.10;
				MTL_ENABLE_DEBUG_INFO = YES;
				ONLY_ACTIVE_ARCH = YES;
				SDKROOT = macosx;
			};
			name = Debug;
		};
		77FD2A3C1AAA2FA200ECA4C7 /* Release */ = {
			isa = XCBuildConfiguration;
			buildSettings = {
				ALWAYS_SEARCH_USER_PATHS = NO;
				CLANG_CXX_LANGUAGE_STANDARD = "gnu++0x";
				CLANG_CXX_LIBRARY = "libc++";
				CLANG_ENABLE_MODULES = YES;
				CLANG_ENABLE_OBJC_ARC = YES;
				CLANG_WARN_BOOL_CONVERSION = YES;
				CLANG_WARN_CONSTANT_CONVERSION = YES;
				CLANG_WARN_DIRECT_OBJC_ISA_USAGE = YES_ERROR;
				CLANG_WARN_EMPTY_BODY = YES;
				CLANG_WARN_ENUM_CONVERSION = YES;
				CLANG_WARN_INT_CONVERSION = YES;
				CLANG_WARN_OBJC_ROOT_CLASS = YES_ERROR;
				CLANG_WARN_UNREACHABLE_CODE = YES;
				CLANG_WARN__DUPLICATE_METHOD_MATCH = YES;
				COPY_PHASE_STRIP = YES;
				DEBUG_INFORMATION_FORMAT = "dwarf-with-dsym";
				ENABLE_NS_ASSERTIONS = NO;
				ENABLE_STRICT_OBJC_MSGSEND = YES;
				GCC_C_LANGUAGE_STANDARD = gnu99;
				GCC_WARN_64_TO_32_BIT_CONVERSION = YES;
				GCC_WARN_ABOUT_RETURN_TYPE = YES_ERROR;
				GCC_WARN_UNDECLARED_SELECTOR = YES;
				GCC_WARN_UNINITIALIZED_AUTOS = YES_AGGRESSIVE;
				GCC_WARN_UNUSED_FUNCTION = YES;
				GCC_WARN_UNUSED_VARIABLE = YES;
				MACOSX_DEPLOYMENT_TARGET = 10.10;
				MTL_ENABLE_DEBUG_INFO = NO;
				SDKROOT = macosx;
			};
			name = Release;
		};
		77FD2A3E1AAA2FA200ECA4C7 /* Debug */ = {
			isa = XCBuildConfiguration;
			buildSettings = {
				PRODUCT_NAME = "$(TARGET_NAME)";
			};
			name = Debug;
		};
		77FD2A3F1AAA2FA200ECA4C7 /* Release */ = {
			isa = XCBuildConfiguration;
			buildSettings = {
				PRODUCT_NAME = "$(TARGET_NAME)";
			};
			name = Release;
		};
/* End XCBuildConfiguration section */

/* Begin XCConfigurationList section */
		77FD2A311AAA2FA200ECA4C7 /* Build configuration list for PBXProject "lab2a" */ = {
			isa = XCConfigurationList;
			buildConfigurations = (
				77FD2A3B1AAA2FA200ECA4C7 /* Debug */,
				77FD2A3C1AAA2FA200ECA4C7 /* Release */,
			);
			defaultConfigurationIsVisible = 0;
			defaultConfigurationName = Release;
		};
		77FD2A3D1AAA2FA200ECA4C7 /* Build configuration list for PBXNativeTarget "lab2a" */ = {
			isa = XCConfigurationList;
			buildConfigurations = (
				77FD2A3E1AAA2FA200ECA4C7 /* Debug */,
				77FD2A3F1AAA2FA200ECA4C7 /* Release */,
			);
			defaultConfigurationIsVisible = 0;
		};
/* End XCConfigurationList section */
	};
	rootObject = 77FD2A2E1AAA2FA200ECA4C7 /* Project object */;
}
