// !$*UTF8*$!
{
	archiveVersion = 1;
	classes = {
	};
	objectVersion = 46;
	objects = {

/* Begin PBXBuildFile section */
		7755EC141C275FF20012778A /* DJForest.cpp in Sources */ = {isa = PBXBuildFile; fileRef = 7755EC101C275FF20012778A /* DJForest.cpp */; };
		7755EC151C275FF20012778A /* main.cpp in Sources */ = {isa = PBXBuildFile; fileRef = 7755EC121C275FF20012778A /* main.cpp */; };
		77BAA0601B04F8F4008C55BF /* timer.cpp in Sources */ = {isa = PBXBuildFile; fileRef = 77BAA05E1B04F8F4008C55BF /* timer.cpp */; };
/* End PBXBuildFile section */

/* Begin PBXCopyFilesBuildPhase section */
		77BAA04C1B041D52008C55BF /* CopyFiles */ = {
			isa = PBXCopyFilesBuildPhase;
			buildActionMask = 2147483647;
			dstPath = /usr/share/man/man1/;
			dstSubfolderSpec = 0;
			files = (
			);
			runOnlyForDeploymentPostprocessing = 1;
		};
/* End PBXCopyFilesBuildPhase section */

/* Begin PBXFileReference section */
		7755EC101C275FF20012778A /* DJForest.cpp */ = {isa = PBXFileReference; fileEncoding = 4; lastKnownFileType = sourcecode.cpp.cpp; name = DJForest.cpp; path = DJForest/DJForest.cpp; sourceTree = SOURCE_ROOT; };
		7755EC111C275FF20012778A /* DJForest.h */ = {isa = PBXFileReference; fileEncoding = 4; lastKnownFileType = sourcecode.c.h; name = DJForest.h; path = DJForest/DJForest.h; sourceTree = SOURCE_ROOT; };
		7755EC121C275FF20012778A /* main.cpp */ = {isa = PBXFileReference; fileEncoding = 4; lastKnownFileType = sourcecode.cpp.cpp; name = main.cpp; path = DJForest/main.cpp; sourceTree = SOURCE_ROOT; };
		77BAA04E1B041D52008C55BF /* DJForest */ = {isa = PBXFileReference; explicitFileType = "compiled.mach-o.executable"; includeInIndex = 0; path = DJForest; sourceTree = BUILT_PRODUCTS_DIR; };
		77BAA05E1B04F8F4008C55BF /* timer.cpp */ = {isa = PBXFileReference; fileEncoding = 4; lastKnownFileType = sourcecode.cpp.cpp; name = timer.cpp; path = ../../timer/timer.cpp; sourceTree = "<group>"; };
		77BAA05F1B04F8F4008C55BF /* timer.h */ = {isa = PBXFileReference; fileEncoding = 4; lastKnownFileType = sourcecode.c.h; name = timer.h; path = ../../timer/timer.h; sourceTree = "<group>"; };
/* End PBXFileReference section */

/* Begin PBXFrameworksBuildPhase section */
		77BAA04B1B041D52008C55BF /* Frameworks */ = {
			isa = PBXFrameworksBuildPhase;
			buildActionMask = 2147483647;
			files = (
			);
			runOnlyForDeploymentPostprocessing = 0;
		};
/* End PBXFrameworksBuildPhase section */

/* Begin PBXGroup section */
		77BAA0451B041D52008C55BF = {
			isa = PBXGroup;
			children = (
				77BAA0501B041D52008C55BF /* DJForest */,
				77BAA04F1B041D52008C55BF /* Products */,
			);
			sourceTree = "<group>";
		};
		77BAA04F1B041D52008C55BF /* Products */ = {
			isa = PBXGroup;
			children = (
				77BAA04E1B041D52008C55BF /* DJForest */,
			);
			name = Products;
			sourceTree = "<group>";
		};
		77BAA0501B041D52008C55BF /* DJForest */ = {
			isa = PBXGroup;
			children = (
				77BAA05E1B04F8F4008C55BF /* timer.cpp */,
				77BAA05F1B04F8F4008C55BF /* timer.h */,
				7755EC101C275FF20012778A /* DJForest.cpp */,
				7755EC111C275FF20012778A /* DJForest.h */,
				7755EC121C275FF20012778A /* main.cpp */,
			);
			name = DJForest;
			path = lab9;
			sourceTree = "<group>";
		};
/* End PBXGroup section */

/* Begin PBXNativeTarget section */
		77BAA04D1B041D52008C55BF /* DJForest */ = {
			isa = PBXNativeTarget;
			buildConfigurationList = 77BAA0551B041D52008C55BF /* Build configuration list for PBXNativeTarget "DJForest" */;
			buildPhases = (
				77BAA04A1B041D52008C55BF /* Sources */,
				77BAA04B1B041D52008C55BF /* Frameworks */,
				77BAA04C1B041D52008C55BF /* CopyFiles */,
			);
			buildRules = (
			);
			dependencies = (
			);
			name = DJForest;
			productName = lab9;
			productReference = 77BAA04E1B041D52008C55BF /* DJForest */;
			productType = "com.apple.product-type.tool";
		};
/* End PBXNativeTarget section */

/* Begin PBXProject section */
		77BAA0461B041D52008C55BF /* Project object */ = {
			isa = PBXProject;
			attributes = {
				LastUpgradeCheck = 0630;
				ORGANIZATIONNAME = olety;
				TargetAttributes = {
					77BAA04D1B041D52008C55BF = {
						CreatedOnToolsVersion = 6.3.1;
					};
				};
			};
			buildConfigurationList = 77BAA0491B041D52008C55BF /* Build configuration list for PBXProject "DJForest" */;
			compatibilityVersion = "Xcode 3.2";
			developmentRegion = English;
			hasScannedForEncodings = 0;
			knownRegions = (
				en,
			);
			mainGroup = 77BAA0451B041D52008C55BF;
			productRefGroup = 77BAA04F1B041D52008C55BF /* Products */;
			projectDirPath = "";
			projectRoot = "";
			targets = (
				77BAA04D1B041D52008C55BF /* DJForest */,
			);
		};
/* End PBXProject section */

/* Begin PBXSourcesBuildPhase section */
		77BAA04A1B041D52008C55BF /* Sources */ = {
			isa = PBXSourcesBuildPhase;
			buildActionMask = 2147483647;
			files = (
				7755EC141C275FF20012778A /* DJForest.cpp in Sources */,
				7755EC151C275FF20012778A /* main.cpp in Sources */,
				77BAA0601B04F8F4008C55BF /* timer.cpp in Sources */,
			);
			runOnlyForDeploymentPostprocessing = 0;
		};
/* End PBXSourcesBuildPhase section */

/* Begin XCBuildConfiguration section */
		77BAA0531B041D52008C55BF /* Debug */ = {
			isa = XCBuildConfiguration;
			buildSettings = {
				ALWAYS_SEARCH_USER_PATHS = NO;
				CLANG_CXX_LANGUAGE_STANDARD = "gnu++0x";
				CLANG_CXX_LIBRARY = "libc++";
				CLANG_ENABLE_MODULES = YES;
				CLANG_ENABLE_OBJC_ARC = YES;
				CLANG_WARN_BOOL_CONVERSION = YES;
				CLANG_WARN_CONSTANT_CONVERSION = YES;
				CLANG_WARN_DIRECT_OBJC_ISA_USAGE = YES_ERROR;
				CLANG_WARN_EMPTY_BODY = YES;
				CLANG_WARN_ENUM_CONVERSION = YES;
				CLANG_WARN_INT_CONVERSION = YES;
				CLANG_WARN_OBJC_ROOT_CLASS = YES_ERROR;
				CLANG_WARN_UNREACHABLE_CODE = YES;
				CLANG_WARN__DUPLICATE_METHOD_MATCH = YES;
				COPY_PHASE_STRIP = NO;
				DEBUG_INFORMATION_FORMAT = dwarf;
				ENABLE_STRICT_OBJC_MSGSEND = YES;
				GCC_C_LANGUAGE_STANDARD = gnu99;
				GCC_DYNAMIC_NO_PIC = NO;
				GCC_NO_COMMON_BLOCKS = YES;
				GCC_OPTIMIZATION_LEVEL = 0;
				GCC_PREPROCESSOR_DEFINITIONS = (
					"DEBUG=1",
					"$(inherited)",
				);
				GCC_SYMBOLS_PRIVATE_EXTERN = NO;
				GCC_WARN_64_TO_32_BIT_CONVERSION = YES;
				GCC_WARN_ABOUT_RETURN_TYPE = YES_ERROR;
				GCC_WARN_UNDECLARED_SELECTOR = YES;
				GCC_WARN_UNINITIALIZED_AUTOS = YES_AGGRESSIVE;
				GCC_WARN_UNUSED_FUNCTION = YES;
				GCC_WARN_UNUSED_VARIABLE = YES;
				MACOSX_DEPLOYMENT_TARGET = 10.10;
				MTL_ENABLE_DEBUG_INFO = YES;
				ONLY_ACTIVE_ARCH = YES;
				SDKROOT = macosx;
			};
			name = Debug;
		};
		77BAA0541B041D52008C55BF /* Release */ = {
			isa = XCBuildConfiguration;
			buildSettings = {
				ALWAYS_SEARCH_USER_PATHS = NO;
				CLANG_CXX_LANGUAGE_STANDARD = "gnu++0x";
				CLANG_CXX_LIBRARY = "libc++";
				CLANG_ENABLE_MODULES = YES;
				CLANG_ENABLE_OBJC_ARC = YES;
				CLANG_WARN_BOOL_CONVERSION = YES;
				CLANG_WARN_CONSTANT_CONVERSION = YES;
				CLANG_WARN_DIRECT_OBJC_ISA_USAGE = YES_ERROR;
				CLANG_WARN_EMPTY_BODY = YES;
				CLANG_WARN_ENUM_CONVERSION = YES;
				CLANG_WARN_INT_CONVERSION = YES;
				CLANG_WARN_OBJC_ROOT_CLASS = YES_ERROR;
				CLANG_WARN_UNREACHABLE_CODE = YES;
				CLANG_WARN__DUPLICATE_METHOD_MATCH = YES;
				COPY_PHASE_STRIP = NO;
				DEBUG_INFORMATION_FORMAT = "dwarf-with-dsym";
				ENABLE_NS_ASSERTIONS = NO;
				ENABLE_STRICT_OBJC_MSGSEND = YES;
				GCC_C_LANGUAGE_STANDARD = gnu99;
				GCC_NO_COMMON_BLOCKS = YES;
				GCC_WARN_64_TO_32_BIT_CONVERSION = YES;
				GCC_WARN_ABOUT_RETURN_TYPE = YES_ERROR;
				GCC_WARN_UNDECLARED_SELECTOR = YES;
				GCC_WARN_UNINITIALIZED_AUTOS = YES_AGGRESSIVE;
				GCC_WARN_UNUSED_FUNCTION = YES;
				GCC_WARN_UNUSED_VARIABLE = YES;
				MACOSX_DEPLOYMENT_TARGET = 10.10;
				MTL_ENABLE_DEBUG_INFO = NO;
				SDKROOT = macosx;
			};
			name = Release;
		};
		77BAA0561B041D52008C55BF /* Debug */ = {
			isa = XCBuildConfiguration;
			buildSettings = {
				PRODUCT_NAME = DJForest;
			};
			name = Debug;
		};
		77BAA0571B041D52008C55BF /* Release */ = {
			isa = XCBuildConfiguration;
			buildSettings = {
				PRODUCT_NAME = DJForest;
			};
			name = Release;
		};
/* End XCBuildConfiguration section */

/* Begin XCConfigurationList section */
		77BAA0491B041D52008C55BF /* Build configuration list for PBXProject "DJForest" */ = {
			isa = XCConfigurationList;
			buildConfigurations = (
				77BAA0531B041D52008C55BF /* Debug */,
				77BAA0541B041D52008C55BF /* Release */,
			);
			defaultConfigurationIsVisible = 0;
			defaultConfigurationName = Release;
		};
		77BAA0551B041D52008C55BF /* Build configuration list for PBXNativeTarget "DJForest" */ = {
			isa = XCConfigurationList;
			buildConfigurations = (
				77BAA0561B041D52008C55BF /* Debug */,
				77BAA0571B041D52008C55BF /* Release */,
			);
			defaultConfigurationIsVisible = 0;
			defaultConfigurationName = Release;
		};
/* End XCConfigurationList section */
	};
	rootObject = 77BAA0461B041D52008C55BF /* Project object */;
}
