// !$*UTF8*$!
{
	archiveVersion = 1;
	classes = {
	};
	objectVersion = 46;
	objects = {

/* Begin PBXBuildFile section */
		77C422E61ACF9E0E0089CDDA /* main.cpp in Sources */ = {isa = PBXBuildFile; fileRef = 77C422E51ACF9E0E0089CDDA /* main.cpp */; };
/* End PBXBuildFile section */

/* Begin PBXCopyFilesBuildPhase section */
		77C422E01ACF9E0E0089CDDA /* CopyFiles */ = {
			isa = PBXCopyFilesBuildPhase;
			buildActionMask = 2147483647;
			dstPath = /usr/share/man/man1/;
			dstSubfolderSpec = 0;
			files = (
			);
			runOnlyForDeploymentPostprocessing = 1;
		};
/* End PBXCopyFilesBuildPhase section */

/* Begin PBXFileReference section */
		77C422E21ACF9E0E0089CDDA /* lab5tester */ = {isa = PBXFileReference; explicitFileType = "compiled.mach-o.executable"; includeInIndex = 0; path = lab5tester; sourceTree = BUILT_PRODUCTS_DIR; };
		77C422E51ACF9E0E0089CDDA /* main.cpp */ = {isa = PBXFileReference; lastKnownFileType = sourcecode.cpp.cpp; path = main.cpp; sourceTree = "<group>"; xcLanguageSpecificationIdentifier = xcode.lang.cpp; };
/* End PBXFileReference section */

/* Begin PBXFrameworksBuildPhase section */
		77C422DF1ACF9E0E0089CDDA /* Frameworks */ = {
			isa = PBXFrameworksBuildPhase;
			buildActionMask = 2147483647;
			files = (
			);
			runOnlyForDeploymentPostprocessing = 0;
		};
/* End PBXFrameworksBuildPhase section */

/* Begin PBXGroup section */
		77C422D91ACF9E0E0089CDDA = {
			isa = PBXGroup;
			children = (
				77C422E41ACF9E0E0089CDDA /* lab5tester */,
				77C422E31ACF9E0E0089CDDA /* Products */,
			);
			sourceTree = "<group>";
		};
		77C422E31ACF9E0E0089CDDA /* Products */ = {
			isa = PBXGroup;
			children = (
				77C422E21ACF9E0E0089CDDA /* lab5tester */,
			);
			name = Products;
			sourceTree = "<group>";
		};
		77C422E41ACF9E0E0089CDDA /* lab5tester */ = {
			isa = PBXGroup;
			children = (
				77C422E51ACF9E0E0089CDDA /* main.cpp */,
			);
			path = lab5tester;
			sourceTree = "<group>";
		};
/* End PBXGroup section */

/* Begin PBXNativeTarget section */
		77C422E11ACF9E0E0089CDDA /* lab5tester */ = {
			isa = PBXNativeTarget;
			buildConfigurationList = 77C422E91ACF9E0E0089CDDA /* Build configuration list for PBXNativeTarget "lab5tester" */;
			buildPhases = (
				77C422DE1ACF9E0E0089CDDA /* Sources */,
				77C422DF1ACF9E0E0089CDDA /* Frameworks */,
				77C422E01ACF9E0E0089CDDA /* CopyFiles */,
			);
			buildRules = (
			);
			dependencies = (
			);
			name = lab5tester;
			productName = lab5tester;
			productReference = 77C422E21ACF9E0E0089CDDA /* lab5tester */;
			productType = "com.apple.product-type.tool";
		};
/* End PBXNativeTarget section */

/* Begin PBXProject section */
		77C422DA1ACF9E0E0089CDDA /* Project object */ = {
			isa = PBXProject;
			attributes = {
				LastUpgradeCheck = 0620;
				ORGANIZATIONNAME = olety;
				TargetAttributes = {
					77C422E11ACF9E0E0089CDDA = {
						CreatedOnToolsVersion = 6.2;
					};
				};
			};
			buildConfigurationList = 77C422DD1ACF9E0E0089CDDA /* Build configuration list for PBXProject "lab5tester" */;
			compatibilityVersion = "Xcode 3.2";
			developmentRegion = English;
			hasScannedForEncodings = 0;
			knownRegions = (
				en,
			);
			mainGroup = 77C422D91ACF9E0E0089CDDA;
			productRefGroup = 77C422E31ACF9E0E0089CDDA /* Products */;
			projectDirPath = "";
			projectRoot = "";
			targets = (
				77C422E11ACF9E0E0089CDDA /* lab5tester */,
			);
		};
/* End PBXProject section */

/* Begin PBXSourcesBuildPhase section */
		77C422DE1ACF9E0E0089CDDA /* Sources */ = {
			isa = PBXSourcesBuildPhase;
			buildActionMask = 2147483647;
			files = (
				77C422E61ACF9E0E0089CDDA /* main.cpp in Sources */,
			);
			runOnlyForDeploymentPostprocessing = 0;
		};
/* End PBXSourcesBuildPhase section */

/* Begin XCBuildConfiguration section */
		77C422E71ACF9E0E0089CDDA /* Debug */ = {
			isa = XCBuildConfiguration;
			buildSettings = {
				ALWAYS_SEARCH_USER_PATHS = NO;
				CLANG_CXX_LANGUAGE_STANDARD = "gnu++0x";
				CLANG_CXX_LIBRARY = "libc++";
				CLANG_ENABLE_MODULES = YES;
				CLANG_ENABLE_OBJC_ARC = YES;
				CLANG_WARN_BOOL_CONVERSION = YES;
				CLANG_WARN_CONSTANT_CONVERSION = YES;
				CLANG_WARN_DIRECT_OBJC_ISA_USAGE = YES_ERROR;
				CLANG_WARN_EMPTY_BODY = YES;
				CLANG_WARN_ENUM_CONVERSION = YES;
				CLANG_WARN_INT_CONVERSION = YES;
				CLANG_WARN_OBJC_ROOT_CLASS = YES_ERROR;
				CLANG_WARN_UNREACHABLE_CODE = YES;
				CLANG_WARN__DUPLICATE_METHOD_MATCH = YES;
				COPY_PHASE_STRIP = NO;
				ENABLE_STRICT_OBJC_MSGSEND = YES;
				GCC_C_LANGUAGE_STANDARD = gnu99;
				GCC_DYNAMIC_NO_PIC = NO;
				GCC_OPTIMIZATION_LEVEL = 0;
				GCC_PREPROCESSOR_DEFINITIONS = (
					"DEBUG=1",
					"$(inherited)",
				);
				GCC_SYMBOLS_PRIVATE_EXTERN = NO;
				GCC_WARN_64_TO_32_BIT_CONVERSION = YES;
				GCC_WARN_ABOUT_RETURN_TYPE = YES_ERROR;
				GCC_WARN_UNDECLARED_SELECTOR = YES;
				GCC_WARN_UNINITIALIZED_AUTOS = YES_AGGRESSIVE;
				GCC_WARN_UNUSED_FUNCTION = YES;
				GCC_WARN_UNUSED_VARIABLE = YES;
				MACOSX_DEPLOYMENT_TARGET = 10.10;
				MTL_ENABLE_DEBUG_INFO = YES;
				ONLY_ACTIVE_ARCH = YES;
				SDKROOT = macosx;
			};
			name = Debug;
		};
		77C422E81ACF9E0E0089CDDA /* Release */ = {
			isa = XCBuildConfiguration;
			buildSettings = {
				ALWAYS_SEARCH_USER_PATHS = NO;
				CLANG_CXX_LANGUAGE_STANDARD = "gnu++0x";
				CLANG_CXX_LIBRARY = "libc++";
				CLANG_ENABLE_MODULES = YES;
				CLANG_ENABLE_OBJC_ARC = YES;
				CLANG_WARN_BOOL_CONVERSION = YES;
				CLANG_WARN_CONSTANT_CONVERSION = YES;
				CLANG_WARN_DIRECT_OBJC_ISA_USAGE = YES_ERROR;
				CLANG_WARN_EMPTY_BODY = YES;
				CLANG_WARN_ENUM_CONVERSION = YES;
				CLANG_WARN_INT_CONVERSION = YES;
				CLANG_WARN_OBJC_ROOT_CLASS = YES_ERROR;
				CLANG_WARN_UNREACHABLE_CODE = YES;
				CLANG_WARN__DUPLICATE_METHOD_MATCH = YES;
				COPY_PHASE_STRIP = NO;
				DEBUG_INFORMATION_FORMAT = "dwarf-with-dsym";
				ENABLE_NS_ASSERTIONS = NO;
				ENABLE_STRICT_OBJC_MSGSEND = YES;
				GCC_C_LANGUAGE_STANDARD = gnu99;
				GCC_WARN_64_TO_32_BIT_CONVERSION = YES;
				GCC_WARN_ABOUT_RETURN_TYPE = YES_ERROR;
				GCC_WARN_UNDECLARED_SELECTOR = YES;
				GCC_WARN_UNINITIALIZED_AUTOS = YES_AGGRESSIVE;
				GCC_WARN_UNUSED_FUNCTION = YES;
				GCC_WARN_UNUSED_VARIABLE = YES;
				MACOSX_DEPLOYMENT_TARGET = 10.10;
				MTL_ENABLE_DEBUG_INFO = NO;
				SDKROOT = macosx;
			};
			name = Release;
		};
		77C422EA1ACF9E0E0089CDDA /* Debug */ = {
			isa = XCBuildConfiguration;
			buildSettings = {
				PRODUCT_NAME = "$(TARGET_NAME)";
			};
			name = Debug;
		};
		77C422EB1ACF9E0E0089CDDA /* Release */ = {
			isa = XCBuildConfiguration;
			buildSettings = {
				PRODUCT_NAME = "$(TARGET_NAME)";
			};
			name = Release;
		};
/* End XCBuildConfiguration section */

/* Begin XCConfigurationList section */
		77C422DD1ACF9E0E0089CDDA /* Build configuration list for PBXProject "lab5tester" */ = {
			isa = XCConfigurationList;
			buildConfigurations = (
				77C422E71ACF9E0E0089CDDA /* Debug */,
				77C422E81ACF9E0E0089CDDA /* Release */,
			);
			defaultConfigurationIsVisible = 0;
			defaultConfigurationName = Release;
		};
		77C422E91ACF9E0E0089CDDA /* Build configuration list for PBXNativeTarget "lab5tester" */ = {
			isa = XCConfigurationList;
			buildConfigurations = (
				77C422EA1ACF9E0E0089CDDA /* Debug */,
				77C422EB1ACF9E0E0089CDDA /* Release */,
			);
			defaultConfigurationIsVisible = 0;
		};
/* End XCConfigurationList section */
	};
	rootObject = 77C422DA1ACF9E0E0089CDDA /* Project object */;
}
